
Microsoft Visual Studio Solution File, Format Version 12.00
# Visual Studio Version 17
VisualStudioVersion = 17.12.35527.113
MinimumVisualStudioVersion = 10.0.40219.1
Project("{2150E333-8FDC-42A3-9474-1A3956D46DE8}") = "src", "src", "{D0E2DC04-D08E-43DF-9F74-EF646A8B0537}"
EndProject
Project("{2150E333-8FDC-42A3-9474-1A3956D46DE8}") = "03 - Domain", "03 - Domain", "{D7643A40-DD84-4655-B94D-483033F23BE2}"
EndProject
Project("{FAE04EC0-301F-11D3-BF4B-00C04F79EFBC}") = "Crud.Back.Domain", "src\Crud.Back.Domain\Crud.Back.Domain.csproj", "{6ED0C9C2-0D5C-4858-84D0-302B26B396DF}"
EndProject
Project("{2150E333-8FDC-42A3-9474-1A3956D46DE8}") = "04 - Infra", "04 - Infra", "{CBA591B5-DF34-459F-96A5-3AF7F0F14091}"
EndProject
Project("{FAE04EC0-301F-11D3-BF4B-00C04F79EFBC}") = "Crud.Back.Infra.Data", "src\Crud.Back.Infra.Data\Crud.Back.Infra.Data.csproj", "{F94E2A8E-99A2-41E0-8806-0F3E0A168241}"
EndProject
Project("{2150E333-8FDC-42A3-9474-1A3956D46DE8}") = "02 - Application", "02 - Application", "{E231D32A-C941-4409-A388-72C815F24627}"
EndProject
Project("{FAE04EC0-301F-11D3-BF4B-00C04F79EFBC}") = "Crud.Back.Application", "src\Crud.Back.Application\Crud.Back.Application.csproj", "{24A4BE52-BB0B-4CC7-B2DD-6D6B5D09C90A}"
EndProject
Project("{2150E333-8FDC-42A3-9474-1A3956D46DE8}") = "01 - API", "01 - API", "{B2A48B05-F354-4DB5-A920-D984380BAC45}"
EndProject
Project("{FAE04EC0-301F-11D3-BF4B-00C04F79EFBC}") = "Crud.Back.API", "src\Crud.Back.API\Crud.Back.API.csproj", "{68EFDC83-20BA-429B-89A0-8D7CFC03958D}"
EndProject
Global
	GlobalSection(SolutionConfigurationPlatforms) = preSolution
		Debug|Any CPU = Debug|Any CPU
		Release|Any CPU = Release|Any CPU
	EndGlobalSection
	GlobalSection(ProjectConfigurationPlatforms) = postSolution
		{6ED0C9C2-0D5C-4858-84D0-302B26B396DF}.Debug|Any CPU.ActiveCfg = Debug|Any CPU
		{6ED0C9C2-0D5C-4858-84D0-302B26B396DF}.Debug|Any CPU.Build.0 = Debug|Any CPU
		{6ED0C9C2-0D5C-4858-84D0-302B26B396DF}.Release|Any CPU.ActiveCfg = Release|Any CPU
		{6ED0C9C2-0D5C-4858-84D0-302B26B396DF}.Release|Any CPU.Build.0 = Release|Any CPU
		{F94E2A8E-99A2-41E0-8806-0F3E0A168241}.Debug|Any CPU.ActiveCfg = Debug|Any CPU
		{F94E2A8E-99A2-41E0-8806-0F3E0A168241}.Debug|Any CPU.Build.0 = Debug|Any CPU
		{F94E2A8E-99A2-41E0-8806-0F3E0A168241}.Release|Any CPU.ActiveCfg = Release|Any CPU
		{F94E2A8E-99A2-41E0-8806-0F3E0A168241}.Release|Any CPU.Build.0 = Release|Any CPU
		{24A4BE52-BB0B-4CC7-B2DD-6D6B5D09C90A}.Debug|Any CPU.ActiveCfg = Debug|Any CPU
		{24A4BE52-BB0B-4CC7-B2DD-6D6B5D09C90A}.Debug|Any CPU.Build.0 = Debug|Any CPU
		{24A4BE52-BB0B-4CC7-B2DD-6D6B5D09C90A}.Release|Any CPU.ActiveCfg = Release|Any CPU
		{24A4BE52-BB0B-4CC7-B2DD-6D6B5D09C90A}.Release|Any CPU.Build.0 = Release|Any CPU
		{68EFDC83-20BA-429B-89A0-8D7CFC03958D}.Debug|Any CPU.ActiveCfg = Debug|Any CPU
		{68EFDC83-20BA-429B-89A0-8D7CFC03958D}.Debug|Any CPU.Build.0 = Debug|Any CPU
		{68EFDC83-20BA-429B-89A0-8D7CFC03958D}.Release|Any CPU.ActiveCfg = Release|Any CPU
		{68EFDC83-20BA-429B-89A0-8D7CFC03958D}.Release|Any CPU.Build.0 = Release|Any CPU
	EndGlobalSection
	GlobalSection(SolutionProperties) = preSolution
		HideSolutionNode = FALSE
	EndGlobalSection
	GlobalSection(NestedProjects) = preSolution
		{D7643A40-DD84-4655-B94D-483033F23BE2} = {D0E2DC04-D08E-43DF-9F74-EF646A8B0537}
		{6ED0C9C2-0D5C-4858-84D0-302B26B396DF} = {D7643A40-DD84-4655-B94D-483033F23BE2}
		{CBA591B5-DF34-459F-96A5-3AF7F0F14091} = {D0E2DC04-D08E-43DF-9F74-EF646A8B0537}
		{F94E2A8E-99A2-41E0-8806-0F3E0A168241} = {CBA591B5-DF34-459F-96A5-3AF7F0F14091}
		{E231D32A-C941-4409-A388-72C815F24627} = {D0E2DC04-D08E-43DF-9F74-EF646A8B0537}
		{24A4BE52-BB0B-4CC7-B2DD-6D6B5D09C90A} = {E231D32A-C941-4409-A388-72C815F24627}
		{B2A48B05-F354-4DB5-A920-D984380BAC45} = {D0E2DC04-D08E-43DF-9F74-EF646A8B0537}
		{68EFDC83-20BA-429B-89A0-8D7CFC03958D} = {B2A48B05-F354-4DB5-A920-D984380BAC45}
	EndGlobalSection
EndGlobal
