
Microsoft Visual Studio Solution File, Format Version 12.00
# Visual Studio Version 17
VisualStudioVersion = 17.12.35527.113
MinimumVisualStudioVersion = 10.0.40219.1
Project("{2150E333-8FDC-42A3-9474-1A3956D46DE8}") = "src", "src", "{D0E2DC04-D08E-43DF-9F74-EF646A8B0537}"
EndProject
Project("{2150E333-8FDC-42A3-9474-1A3956D46DE8}") = "03 - Domain", "03 - Domain", "{D7643A40-DD84-4655-B94D-483033F23BE2}"
EndProject
Project("{FAE04EC0-301F-11D3-BF4B-00C04F79EFBC}") = "Crud.Back.Domain", "src\Crud.Back.Domain\Crud.Back.Domain.csproj", "{6ED0C9C2-0D5C-4858-84D0-302B26B396DF}"
EndProject
Project("{2150E333-8FDC-42A3-9474-1A3956D46DE8}") = "04 - Infra", "04 - Infra", "{CBA591B5-DF34-459F-96A5-3AF7F0F14091}"
EndProject
Project("{FAE04EC0-301F-11D3-BF4B-00C04F79EFBC}") = "Crud.Back.Infra", "src\Crud.Back.Infra\Crud.Back.Infra.csproj", "{A4436762-B3D0-42A0-817B-BAB0E129E079}"
EndProject
Global
	GlobalSection(SolutionConfigurationPlatforms) = preSolution
		Debug|Any CPU = Debug|Any CPU
		Release|Any CPU = Release|Any CPU
	EndGlobalSection
	GlobalSection(ProjectConfigurationPlatforms) = postSolution
		{6ED0C9C2-0D5C-4858-84D0-302B26B396DF}.Debug|Any CPU.ActiveCfg = Debug|Any CPU
		{6ED0C9C2-0D5C-4858-84D0-302B26B396DF}.Debug|Any CPU.Build.0 = Debug|Any CPU
		{6ED0C9C2-0D5C-4858-84D0-302B26B396DF}.Release|Any CPU.ActiveCfg = Release|Any CPU
		{6ED0C9C2-0D5C-4858-84D0-302B26B396DF}.Release|Any CPU.Build.0 = Release|Any CPU
		{A4436762-B3D0-42A0-817B-BAB0E129E079}.Debug|Any CPU.ActiveCfg = Debug|Any CPU
		{A4436762-B3D0-42A0-817B-BAB0E129E079}.Debug|Any CPU.Build.0 = Debug|Any CPU
		{A4436762-B3D0-42A0-817B-BAB0E129E079}.Release|Any CPU.ActiveCfg = Release|Any CPU
		{A4436762-B3D0-42A0-817B-BAB0E129E079}.Release|Any CPU.Build.0 = Release|Any CPU
	EndGlobalSection
	GlobalSection(SolutionProperties) = preSolution
		HideSolutionNode = FALSE
	EndGlobalSection
	GlobalSection(NestedProjects) = preSolution
		{D7643A40-DD84-4655-B94D-483033F23BE2} = {D0E2DC04-D08E-43DF-9F74-EF646A8B0537}
		{6ED0C9C2-0D5C-4858-84D0-302B26B396DF} = {D7643A40-DD84-4655-B94D-483033F23BE2}
		{CBA591B5-DF34-459F-96A5-3AF7F0F14091} = {D0E2DC04-D08E-43DF-9F74-EF646A8B0537}
		{A4436762-B3D0-42A0-817B-BAB0E129E079} = {CBA591B5-DF34-459F-96A5-3AF7F0F14091}
	EndGlobalSection
EndGlobal
